
Microsoft Visual Studio Solution File, Format Version 12.00
# Visual Studio Version 17
VisualStudioVersion = 17.5.33516.290
MinimumVisualStudioVersion = 10.0.40219.1
Project("{8BC9CEB8-8B4A-11D0-8D11-00A0C91BC942}") = "OOP_HomeWork_Second", "OOP_HomeWork_Second\OOP_HomeWork_Second.vcxproj", "{60CF5403-F5D3-4AD7-A82A-098E87E8CD17}"
EndProject
Global
	GlobalSection(SolutionConfigurationPlatforms) = preSolution
		Debug|x64 = Debug|x64
		Debug|x86 = Debug|x86
		Release|x64 = Release|x64
		Release|x86 = Release|x86
	EndGlobalSection
	GlobalSection(ProjectConfigurationPlatforms) = postSolution
		{60CF5403-F5D3-4AD7-A82A-098E87E8CD17}.Debug|x64.ActiveCfg = Debug|x64
		{60CF5403-F5D3-4AD7-A82A-098E87E8CD17}.Debug|x64.Build.0 = Debug|x64
		{60CF5403-F5D3-4AD7-A82A-098E87E8CD17}.Debug|x86.ActiveCfg = Debug|Win32
		{60CF5403-F5D3-4AD7-A82A-098E87E8CD17}.Debug|x86.Build.0 = Debug|Win32
		{60CF5403-F5D3-4AD7-A82A-098E87E8CD17}.Release|x64.ActiveCfg = Release|x64
		{60CF5403-F5D3-4AD7-A82A-098E87E8CD17}.Release|x64.Build.0 = Release|x64
		{60CF5403-F5D3-4AD7-A82A-098E87E8CD17}.Release|x86.ActiveCfg = Release|Win32
		{60CF5403-F5D3-4AD7-A82A-098E87E8CD17}.Release|x86.Build.0 = Release|Win32
	EndGlobalSection
	GlobalSection(SolutionProperties) = preSolution
		HideSolutionNode = FALSE
	EndGlobalSection
	GlobalSection(ExtensibilityGlobals) = postSolution
		SolutionGuid = {C617FAC1-F584-4431-84C8-F0A634E34AC9}
	EndGlobalSection
EndGlobal
